
Microsoft Visual Studio Solution File, Format Version 12.00
# Visual Studio Version 16
VisualStudioVersion = 16.0.29324.140
MinimumVisualStudioVersion = 10.0.40219.1
Project("{FAE04EC0-301F-11D3-BF4B-00C04F79EFBC}") = "StatsHelix.SDK", "StatsHelix.SDK\StatsHelix.SDK.csproj", "{4590C4C3-7CAC-4A7A-87CC-51F4A886C29C}"
EndProject
Project("{FAE04EC0-301F-11D3-BF4B-00C04F79EFBC}") = "StatsHelix.SDK.SampleClient", "StatsHelix.SDK.SampleClient\StatsHelix.SDK.SampleClient.csproj", "{5FF0194F-82F0-48C1-ADCE-DE350C08A5D9}"
EndProject
Global
	GlobalSection(SolutionConfigurationPlatforms) = preSolution
		Debug|Any CPU = Debug|Any CPU
		Release|Any CPU = Release|Any CPU
	EndGlobalSection
	GlobalSection(ProjectConfigurationPlatforms) = postSolution
		{4590C4C3-7CAC-4A7A-87CC-51F4A886C29C}.Debug|Any CPU.ActiveCfg = Debug|Any CPU
		{4590C4C3-7CAC-4A7A-87CC-51F4A886C29C}.Debug|Any CPU.Build.0 = Debug|Any CPU
		{4590C4C3-7CAC-4A7A-87CC-51F4A886C29C}.Release|Any CPU.ActiveCfg = Release|Any CPU
		{4590C4C3-7CAC-4A7A-87CC-51F4A886C29C}.Release|Any CPU.Build.0 = Release|Any CPU
		{5FF0194F-82F0-48C1-ADCE-DE350C08A5D9}.Debug|Any CPU.ActiveCfg = Debug|Any CPU
		{5FF0194F-82F0-48C1-ADCE-DE350C08A5D9}.Debug|Any CPU.Build.0 = Debug|Any CPU
		{5FF0194F-82F0-48C1-ADCE-DE350C08A5D9}.Release|Any CPU.ActiveCfg = Release|Any CPU
		{5FF0194F-82F0-48C1-ADCE-DE350C08A5D9}.Release|Any CPU.Build.0 = Release|Any CPU
	EndGlobalSection
	GlobalSection(SolutionProperties) = preSolution
		HideSolutionNode = FALSE
	EndGlobalSection
	GlobalSection(ExtensibilityGlobals) = postSolution
		SolutionGuid = {3940925A-72A3-4AA4-B365-C3A00981BCEC}
	EndGlobalSection
EndGlobal
